
Microsoft Visual Studio Solution File, Format Version 12.00
# Visual Studio Version 16
VisualStudioVersion = 16.0.30517.126
MinimumVisualStudioVersion = 10.0.40219.1
Project("{9A19103F-16F7-4668-BE54-9A1E7A4F7556}") = "Course3", "Course3\Course3.csproj", "{88E44605-4CBC-4555-B2CB-BF733ADBBB26}"
EndProject
Project("{FAE04EC0-301F-11D3-BF4B-00C04F79EFBC}") = "Encoder", "Encoder\Encoder.csproj", "{51D6AF76-7D68-4B31-BB9E-182A430CDC5A}"
EndProject
Global
	GlobalSection(SolutionConfigurationPlatforms) = preSolution
		Debug|Any CPU = Debug|Any CPU
		Release|Any CPU = Release|Any CPU
	EndGlobalSection
	GlobalSection(ProjectConfigurationPlatforms) = postSolution
		{88E44605-4CBC-4555-B2CB-BF733ADBBB26}.Debug|Any CPU.ActiveCfg = Debug|Any CPU
		{88E44605-4CBC-4555-B2CB-BF733ADBBB26}.Debug|Any CPU.Build.0 = Debug|Any CPU
		{88E44605-4CBC-4555-B2CB-BF733ADBBB26}.Release|Any CPU.ActiveCfg = Release|Any CPU
		{88E44605-4CBC-4555-B2CB-BF733ADBBB26}.Release|Any CPU.Build.0 = Release|Any CPU
		{51D6AF76-7D68-4B31-BB9E-182A430CDC5A}.Debug|Any CPU.ActiveCfg = Debug|Any CPU
		{51D6AF76-7D68-4B31-BB9E-182A430CDC5A}.Debug|Any CPU.Build.0 = Debug|Any CPU
		{51D6AF76-7D68-4B31-BB9E-182A430CDC5A}.Release|Any CPU.ActiveCfg = Release|Any CPU
		{51D6AF76-7D68-4B31-BB9E-182A430CDC5A}.Release|Any CPU.Build.0 = Release|Any CPU
	EndGlobalSection
	GlobalSection(SolutionProperties) = preSolution
		HideSolutionNode = FALSE
	EndGlobalSection
	GlobalSection(ExtensibilityGlobals) = postSolution
		SolutionGuid = {5231D1E5-7EDA-4A03-8D29-50A0D6EDB2F0}
	EndGlobalSection
EndGlobal
